
Microsoft Visual Studio Solution File, Format Version 12.00
# Visual Studio Version 17
VisualStudioVersion = 17.13.35825.156 d17.13
MinimumVisualStudioVersion = 10.0.40219.1
Project("{FAE04EC0-301F-11D3-BF4B-00C04F79EFBC}") = "Graph", "Graph\Graph.csproj", "{693088B8-F424-4BC6-8F13-8F3A37C610FF}"
EndProject
Global
	GlobalSection(SolutionConfigurationPlatforms) = preSolution
		Debug|Any CPU = Debug|Any CPU
		Release|Any CPU = Release|Any CPU
	EndGlobalSection
	GlobalSection(ProjectConfigurationPlatforms) = postSolution
		{693088B8-F424-4BC6-8F13-8F3A37C610FF}.Debug|Any CPU.ActiveCfg = Debug|Any CPU
		{693088B8-F424-4BC6-8F13-8F3A37C610FF}.Debug|Any CPU.Build.0 = Debug|Any CPU
		{693088B8-F424-4BC6-8F13-8F3A37C610FF}.Release|Any CPU.ActiveCfg = Release|Any CPU
		{693088B8-F424-4BC6-8F13-8F3A37C610FF}.Release|Any CPU.Build.0 = Release|Any CPU
	EndGlobalSection
	GlobalSection(SolutionProperties) = preSolution
		HideSolutionNode = FALSE
	EndGlobalSection
	GlobalSection(ExtensibilityGlobals) = postSolution
		SolutionGuid = {2509C198-9CF1-4F38-B324-048989B5A4A6}
	EndGlobalSection
EndGlobal
